
Microsoft Visual Studio Solution File, Format Version 12.00
# Visual Studio 2012
Project("{FAE04EC0-301F-11D3-BF4B-00C04F79EFBC}") = "PhotoKitDemo", "PhotoKitDemo\PhotoKitDemo.csproj", "{6E920D8D-9525-4FEB-973C-175A3157688A}"
EndProject
Global
	GlobalSection(SolutionConfigurationPlatforms) = preSolution
		Debug|iPhoneSimulator = Debug|iPhoneSimulator
		Release|iPhoneSimulator = Release|iPhoneSimulator
		Debug|iPhone = Debug|iPhone
		Release|iPhone = Release|iPhone
		Ad-Hoc|iPhone = Ad-Hoc|iPhone
		AppStore|iPhone = AppStore|iPhone
	EndGlobalSection
	GlobalSection(ProjectConfigurationPlatforms) = postSolution
		{6E920D8D-9525-4FEB-973C-175A3157688A}.Ad-Hoc|iPhone.ActiveCfg = Ad-Hoc|iPhone
		{6E920D8D-9525-4FEB-973C-175A3157688A}.Ad-Hoc|iPhone.Build.0 = Ad-Hoc|iPhone
		{6E920D8D-9525-4FEB-973C-175A3157688A}.AppStore|iPhone.ActiveCfg = AppStore|iPhone
		{6E920D8D-9525-4FEB-973C-175A3157688A}.AppStore|iPhone.Build.0 = AppStore|iPhone
		{6E920D8D-9525-4FEB-973C-175A3157688A}.Debug|iPhone.ActiveCfg = Debug|iPhone
		{6E920D8D-9525-4FEB-973C-175A3157688A}.Debug|iPhone.Build.0 = Debug|iPhone
		{6E920D8D-9525-4FEB-973C-175A3157688A}.Debug|iPhoneSimulator.ActiveCfg = Debug|iPhoneSimulator
		{6E920D8D-9525-4FEB-973C-175A3157688A}.Debug|iPhoneSimulator.Build.0 = Debug|iPhoneSimulator
		{6E920D8D-9525-4FEB-973C-175A3157688A}.Release|iPhone.ActiveCfg = Release|iPhone
		{6E920D8D-9525-4FEB-973C-175A3157688A}.Release|iPhone.Build.0 = Release|iPhone
		{6E920D8D-9525-4FEB-973C-175A3157688A}.Release|iPhoneSimulator.ActiveCfg = Release|iPhoneSimulator
		{6E920D8D-9525-4FEB-973C-175A3157688A}.Release|iPhoneSimulator.Build.0 = Release|iPhoneSimulator
	EndGlobalSection
	GlobalSection(MonoDevelopProperties) = preSolution
		StartupItem = PhotoKitDemo\PhotoKitDemo.csproj
	EndGlobalSection
EndGlobal
